<?xml version="1.0" encoding="utf-8"?>
<Project ToolsVersion="17.0" xmlns="http://schemas.microsoft.com/developer/msbuild/2003">
  <ItemGroup>
    <CustomBuild Include="C:\Users\Mathias\Documents\Coding\Python\VSCode\vSMR\vSMR-1.0.6\CMakeFiles\8645796ae3a0d8d4ed5806f8b43d449f\generate.stamp.rule">
      <Filter>CMake Rules</Filter>
    </CustomBuild>
  </ItemGroup>
  <ItemGroup>
    <Filter Include="CMake Rules">
      <UniqueIdentifier>{08B13DA3-9D1C-39AD-B639-46261F553F04}</UniqueIdentifier>
    </Filter>
  </ItemGroup>
</Project>
