<?xml version="1.0" encoding="utf-8"?>
<Project ToolsVersion="4.0" xmlns="http://schemas.microsoft.com/developer/msbuild/2003">
  <ItemGroup>
    <Filter Include="Source">
      <UniqueIdentifier>{32BEB173-F97B-4445-AC5B-4F2301B5C985}</UniqueIdentifier>
    </Filter>
    <Filter Include="Headers">
      <UniqueIdentifier>{ED92342C-0C1E-4144-A57F-256E535CD282}</UniqueIdentifier>
    </Filter>
  </ItemGroup>
  <ItemGroup>
    <ClCompile Include="CrashHarness.cpp">
      <Filter>Source</Filter>
    </ClCompile>
  </ItemGroup>
  <ItemGroup>
    <ClInclude Include="..\..\src\crash\CrashReportProtocol.hpp">
      <Filter>Headers</Filter>
    </ClInclude>
    <ClInclude Include="..\..\src\crash\CrashReportSupport.hpp">
      <Filter>Headers</Filter>
    </ClInclude>
  </ItemGroup>
</Project>
