<?xml version="1.0" encoding="utf-8"?>
<Project ToolsVersion="4.0" xmlns="http://schemas.microsoft.com/developer/msbuild/2003">
  <ItemGroup>
    <Filter Include="Source">
      <UniqueIdentifier>{4FC737F1-C7A5-4376-A066-2A32D752A2FF}</UniqueIdentifier>
      <Extensions>cpp;c;cc;cxx</Extensions>
    </Filter>
    <Filter Include="Headers">
      <UniqueIdentifier>{93995380-89BD-4B04-88EB-625FBE52EBFB}</UniqueIdentifier>
      <Extensions>h;hh;hpp;hxx;hm;inl;inc;xsd</Extensions>
    </Filter>
    <Filter Include="Resources">
      <UniqueIdentifier>{67DA6AB6-F800-4C08-8B7A-83BB121AAD01}</UniqueIdentifier>
      <Extensions>rc;ico;cur;bmp;dlg;rc2;rct;bin;rgs;gif;jpg;jpeg;jpe;resx;tiff;tif;png;wav;mfcribbon-ms</Extensions>
    </Filter>
    <Filter Include="Resources\Cursors">
      <UniqueIdentifier>{6B5D3803-9232-414B-94AF-4021F2E87F31}</UniqueIdentifier>
    </Filter>
    <Filter Include="Data\Audio">
      <UniqueIdentifier>{21C24E8D-995F-47BA-9A54-56D5531D3A86}</UniqueIdentifier>
    </Filter>
    <Filter Include="Data">
      <UniqueIdentifier>{08057F37-735D-4E2D-A3D9-F3F16E39AA0B}</UniqueIdentifier>
    </Filter>
    <Filter Include="Tools">
      <UniqueIdentifier>{32649C8B-7A62-48DA-8A7C-541F0A096E5C}</UniqueIdentifier>
    </Filter>
    <Filter Include="Third Party Headers">
      <UniqueIdentifier>{8D3F87A9-5077-4DFD-A1E4-4C7DCDE80A13}</UniqueIdentifier>
    </Filter>
    <Filter Include="Web UI">
      <UniqueIdentifier>{7D1798B1-43DA-48C3-A415-DFBEE9C1344A}</UniqueIdentifier>
    </Filter>
  </ItemGroup>
  <ItemGroup>
    <ClCompile Include="src\CallsignLookup.cpp">
      <Filter>Source</Filter>
    </ClCompile>
    <ClCompile Include="src\Config.cpp">
      <Filter>Source</Filter>
    </ClCompile>
    <ClCompile Include="src\CPDLCSettingsDialog.cpp">
      <Filter>Source</Filter>
    </ClCompile>
    <ClCompile Include="src\DataLinkDialog.cpp">
      <Filter>Source</Filter>
    </ClCompile>
    <ClCompile Include="src\HttpHelper.cpp">
      <Filter>Source</Filter>
    </ClCompile>
    <ClCompile Include="src\InsetWindow.cpp">
      <Filter>Source</Filter>
    </ClCompile>
    <ClCompile Include="src\AvisoDocumentModel.cpp">
      <Filter>Source</Filter>
    </ClCompile>
    <ClCompile Include="src\AvisoEditorDialog.cpp">
      <Filter>Source</Filter>
    </ClCompile>
    <ClCompile Include="src\ProfileEditorDialog.cpp">
      <Filter>Source</Filter>
    </ClCompile>
    <ClCompile Include="src\VsmrControlCenterDialog.cpp">
      <Filter>Source</Filter>
    </ClCompile>
    <ClCompile Include="src\VsmrControlCenterBridge.cpp">
      <Filter>Source</Filter>
    </ClCompile>
    <ClCompile Include="src\VsmrResourceFiles.cpp">
      <Filter>Source</Filter>
    </ClCompile>
    <ClCompile Include="src\WeatherData.cpp">
      <Filter>Source</Filter>
    </ClCompile>
    <ClCompile Include="src\Rimcas.cpp">
      <Filter>Source</Filter>
    </ClCompile>
    <ClCompile Include="src\RdfOverlay.cpp">
      <Filter>Source</Filter>
    </ClCompile>
    <ClCompile Include="src\SMRGeometry.cpp">
      <Filter>Source</Filter>
    </ClCompile>
    <ClCompile Include="src\SMRPlugin.cpp">
      <Filter>Source</Filter>
    </ClCompile>
    <ClCompile Include="src\SMRRadar.cpp">
      <Filter>Source</Filter>
    </ClCompile>
    <ClCompile Include="src\SMRRadar_AircraftAndAsr.cpp">
      <Filter>Source</Filter>
    </ClCompile>
    <ClCompile Include="src\SMRRadar_AvisoEditor.cpp">
      <Filter>Source</Filter>
    </ClCompile>
    <ClCompile Include="src\SMRRadar_AvisoPresets.cpp">
      <Filter>Source</Filter>
    </ClCompile>
    <ClCompile Include="src\SMRRadar_ControlCenter.cpp">
      <Filter>Source</Filter>
    </ClCompile>
    <ClCompile Include="src\SMRRadar_FunctionCall.cpp">
      <Filter>Source</Filter>
    </ClCompile>
    <ClCompile Include="src\SMRRadar_ProfileEditorWindow.cpp">
      <Filter>Source</Filter>
    </ClCompile>
    <ClCompile Include="src\SMRRadar_RadarAndCommands.cpp">
      <Filter>Source</Filter>
    </ClCompile>
    <ClCompile Include="src\SMRRadar_RuntimeMenu.cpp">
      <Filter>Source</Filter>
    </ClCompile>
    <ClCompile Include="src\SMRRadar_ScreenInteraction.cpp">
      <Filter>Source</Filter>
    </ClCompile>
    <ClCompile Include="src\SMRRadar_TagDefinitions.cpp">
      <Filter>Source</Filter>
    </ClCompile>
    <ClCompile Include="src\SMRRadar_TagRendering.cpp">
      <Filter>Source</Filter>
    </ClCompile>
    <ClCompile Include="src\SMRRadar_TargetsAndFonts.cpp">
      <Filter>Source</Filter>
    </ClCompile>
    <ClCompile Include="src\SMRRadar_Utilities.cpp">
      <Filter>Source</Filter>
    </ClCompile>
    <ClCompile Include="src\stdafx.cpp">
      <Filter>Source</Filter>
    </ClCompile>
    <ClCompile Include="src\vSMR.cpp">
      <Filter>Source</Filter>
    </ClCompile>
  </ItemGroup>
  <ItemGroup>
    <ClInclude Include="include\CallsignLookup.hpp">
      <Filter>Headers</Filter>
    </ClInclude>
    <ClInclude Include="include\Config.hpp">
      <Filter>Headers</Filter>
    </ClInclude>
    <ClInclude Include="include\Constant.hpp">
      <Filter>Headers</Filter>
    </ClInclude>
    <ClInclude Include="include\CPDLCSettingsDialog.hpp">
      <Filter>Headers</Filter>
    </ClInclude>
    <ClInclude Include="include\DataLinkDialog.hpp">
      <Filter>Headers</Filter>
    </ClInclude>
    <ClInclude Include="include\HttpHelper.hpp">
      <Filter>Headers</Filter>
    </ClInclude>
    <ClInclude Include="include\InsetWindow.h">
      <Filter>Headers</Filter>
    </ClInclude>
    <ClInclude Include="include\AvisoDocumentModel.hpp">
      <Filter>Headers</Filter>
    </ClInclude>
    <ClInclude Include="include\AvisoEditorDialog.hpp">
      <Filter>Headers</Filter>
    </ClInclude>
    <ClInclude Include="include\Logger.h">
      <Filter>Headers</Filter>
    </ClInclude>
    <ClInclude Include="include\ProfileEditorDialog.hpp">
      <Filter>Headers</Filter>
    </ClInclude>
    <ClInclude Include="include\VsmrControlCenterDialog.hpp">
      <Filter>Headers</Filter>
    </ClInclude>
    <ClInclude Include="include\VsmrControlCenterBridge.hpp">
      <Filter>Headers</Filter>
    </ClInclude>
    <ClInclude Include="include\VsmrResourceFiles.hpp">
      <Filter>Headers</Filter>
    </ClInclude>
    <ClInclude Include="include\WeatherData.hpp">
      <Filter>Headers</Filter>
    </ClInclude>
    <ClInclude Include="include\resource.h">
      <Filter>Headers</Filter>
    </ClInclude>
    <ClInclude Include="include\Rimcas.hpp">
      <Filter>Headers</Filter>
    </ClInclude>
    <ClInclude Include="include\RdfOverlay.hpp">
      <Filter>Headers</Filter>
    </ClInclude>
    <ClInclude Include="include\SMRColorUtils.hpp">
      <Filter>Headers</Filter>
    </ClInclude>
    <ClInclude Include="include\SMRDataTypes.hpp">
      <Filter>Headers</Filter>
    </ClInclude>
    <ClInclude Include="include\SMRGeometry.hpp">
      <Filter>Headers</Filter>
    </ClInclude>
    <ClInclude Include="include\SMRGroundState.hpp">
      <Filter>Headers</Filter>
    </ClInclude>
    <ClInclude Include="include\SMRPlugin.hpp">
      <Filter>Headers</Filter>
    </ClInclude>
    <ClInclude Include="include\SMRProfileColorPaths.hpp">
      <Filter>Headers</Filter>
    </ClInclude>
    <ClInclude Include="include\SMRRadar.hpp">
      <Filter>Headers</Filter>
    </ClInclude>
    <ClInclude Include="include\SMRTagColorRules.hpp">
      <Filter>Headers</Filter>
    </ClInclude>
    <ClInclude Include="include\SMRTagDefinitionUtils.hpp">
      <Filter>Headers</Filter>
    </ClInclude>
    <ClInclude Include="include\SMRTextUtils.hpp">
      <Filter>Headers</Filter>
    </ClInclude>
    <ClInclude Include="include\SMRVacdmTagHelpers.hpp">
      <Filter>Headers</Filter>
    </ClInclude>
    <ClInclude Include="include\stdafx.h">
      <Filter>Headers</Filter>
    </ClInclude>
    <ClInclude Include="include\targetver.h">
      <Filter>Headers</Filter>
    </ClInclude>
    <ClInclude Include="include\vSMR.hpp">
      <Filter>Headers</Filter>
    </ClInclude>
    <ClInclude Include="..\lib\include\rapidjson\document.h">
      <Filter>Third Party Headers</Filter>
    </ClInclude>
    <ClInclude Include="..\lib\include\rapidjson\filestream.h">
      <Filter>Third Party Headers</Filter>
    </ClInclude>
    <ClInclude Include="..\lib\include\rapidjson\prettywriter.h">
      <Filter>Third Party Headers</Filter>
    </ClInclude>
    <ClInclude Include="..\lib\include\rapidjson\rapidjson.h">
      <Filter>Third Party Headers</Filter>
    </ClInclude>
    <ClInclude Include="..\lib\include\rapidjson\reader.h">
      <Filter>Third Party Headers</Filter>
    </ClInclude>
    <ClInclude Include="..\lib\include\rapidjson\stringbuffer.h">
      <Filter>Third Party Headers</Filter>
    </ClInclude>
    <ClInclude Include="..\lib\include\rapidjson\writer.h">
      <Filter>Third Party Headers</Filter>
    </ClInclude>
  </ItemGroup>
  <ItemGroup>
    <None Include="data\Audio\Alarm.wav">
      <Filter>Data\Audio</Filter>
    </None>
    <None Include="data\Audio\Ding.wav">
      <Filter>Data\Audio</Filter>
    </None>
    <None Include="data\ICAO_Aircraft.json">
      <Filter>Data</Filter>
    </None>
    <None Include="data\vSMR_Profiles.json">
      <Filter>Data</Filter>
    </None>
    <None Include="vSMR_webUI\app.js">
      <Filter>Web UI</Filter>
    </None>
    <None Include="vSMR_webUI\data.js">
      <Filter>Web UI</Filter>
    </None>
    <None Include="vSMR_webUI\index.html">
      <Filter>Web UI</Filter>
    </None>
    <None Include="vSMR_webUI\styles.css">
      <Filter>Web UI</Filter>
    </None>
    <None Include="resources\cursors\arrow.cur">
      <Filter>Resources\Cursors</Filter>
    </None>
    <None Include="resources\cursors\cursor1.cur">
      <Filter>Resources\Cursors</Filter>
    </None>
    <None Include="resources\cursors\move.cur">
      <Filter>Resources\Cursors</Filter>
    </None>
    <None Include="resources\vSMR.def">
      <Filter>Resources</Filter>
    </None>
    <None Include="resources\vSMR.rc2">
      <Filter>Resources</Filter>
    </None>
    <None Include="tools\normalize_runtime_data.ps1">
      <Filter>Tools</Filter>
    </None>
  </ItemGroup>
  <ItemGroup>
    <ResourceCompile Include="resources\vSMR.rc">
      <Filter>Resources</Filter>
    </ResourceCompile>
  </ItemGroup>
</Project>
