<?xml version="1.0" encoding="utf-8"?>
<Project ToolsVersion="4.0" xmlns="http://schemas.microsoft.com/developer/msbuild/2003">
  <ItemGroup>
    <Filter Include="Source">
      <UniqueIdentifier>{4FC737F1-C7A5-4376-A066-2A32D752A2FF}</UniqueIdentifier>
      <Extensions>cpp;c;cc;cxx</Extensions>
    </Filter>
    <Filter Include="Headers">
      <UniqueIdentifier>{93995380-89BD-4B04-88EB-625FBE52EBFB}</UniqueIdentifier>
      <Extensions>h;hh;hpp;hxx;hm;inl;inc;xsd</Extensions>
    </Filter>
    <Filter Include="Resources">
      <UniqueIdentifier>{67DA6AB6-F800-4C08-8B7A-83BB121AAD01}</UniqueIdentifier>
      <Extensions>rc;ico;cur;bmp;dlg;rc2;rct;bin;rgs;gif;jpg;jpeg;jpe;resx;tiff;tif;png;wav;mfcribbon-ms</Extensions>
    </Filter>
    <Filter Include="Resources\Cursors">
      <UniqueIdentifier>{6B5D3803-9232-414B-94AF-4021F2E87F31}</UniqueIdentifier>
    </Filter>
    <Filter Include="Data\Audio">
      <UniqueIdentifier>{21C24E8D-995F-47BA-9A54-56D5531D3A86}</UniqueIdentifier>
    </Filter>
    <Filter Include="Data">
      <UniqueIdentifier>{08057F37-735D-4E2D-A3D9-F3F16E39AA0B}</UniqueIdentifier>
    </Filter>
    <Filter Include="Tools">
      <UniqueIdentifier>{32649C8B-7A62-48DA-8A7C-541F0A096E5C}</UniqueIdentifier>
    </Filter>
    <Filter Include="Third Party Headers">
      <UniqueIdentifier>{8D3F87A9-5077-4DFD-A1E4-4C7DCDE80A13}</UniqueIdentifier>
    </Filter>
    <Filter Include="Web UI">
      <UniqueIdentifier>{7D1798B1-43DA-48C3-A415-DFBEE9C1344A}</UniqueIdentifier>
    </Filter>
    <Filter Include="Bootstrap">
      <UniqueIdentifier>{B3062277-8EFC-4AF0-83CE-0112011B2BFB}</UniqueIdentifier>
    </Filter>
  </ItemGroup>
  <ItemGroup>
    <ClCompile Include="src\aircraft\CallsignLookup.cpp"><Filter>Source</Filter></ClCompile>
    <ClCompile Include="src\app\PluginEntry.cpp"><Filter>Source</Filter></ClCompile>
    <ClCompile Include="src\bootstrap\RuntimeContext.cpp"><Filter>Bootstrap</Filter></ClCompile>
    <ClCompile Include="src\aviso\AvisoDocumentModel.cpp"><Filter>Source</Filter></ClCompile>
    <ClCompile Include="src\aviso\RadarScreen.AvisoEditor.cpp"><Filter>Source</Filter></ClCompile>
    <ClCompile Include="src\aviso\RadarScreen.AvisoPresets.cpp"><Filter>Source</Filter></ClCompile>
    <ClCompile Include="src\config\RuntimeConfig.cpp"><Filter>Source</Filter></ClCompile>
    <ClCompile Include="src\control_center\ControlCenterBridge.cpp"><Filter>Source</Filter></ClCompile>
    <ClCompile Include="src\control_center\ControlCenterDialog.cpp"><Filter>Source</Filter></ClCompile>
    <ClCompile Include="src\control_center\RadarScreen.Integration.cpp"><Filter>Source</Filter></ClCompile>
    <ClCompile Include="src\control_center\RuntimeResourceFiles.cpp"><Filter>Source</Filter></ClCompile>
    <ClCompile Include="src\crash\CrashReporter.cpp"><Filter>Source</Filter></ClCompile>
    <ClCompile Include="src\datalink\CPDLCSettingsDialog.cpp"><Filter>Source</Filter></ClCompile>
    <ClCompile Include="src\datalink\DataLinkDialog.cpp"><Filter>Source</Filter></ClCompile>
    <ClCompile Include="src\diagnostics\PerformanceDiagnostics.cpp"><Filter>Source</Filter></ClCompile>
    <ClCompile Include="src\insets\InsetWindow.cpp"><Filter>Source</Filter></ClCompile>
    <ClCompile Include="src\platform\windows\network\HttpHelper.cpp"><Filter>Source</Filter></ClCompile>
    <ClCompile Include="src\platform\windows\PrecompiledHeader.cpp"><Filter>Source</Filter></ClCompile>
    <ClCompile Include="src\plugin\Plugin.cpp"><Filter>Source</Filter></ClCompile>
    <ClCompile Include="src\profiles\RadarScreen.ProfileEditor.cpp"><Filter>Source</Filter></ClCompile>
    <ClCompile Include="src\radar\RadarGeometry.cpp"><Filter>Source</Filter></ClCompile>
    <ClCompile Include="src\radar\RadarScreen.cpp"><Filter>Source</Filter></ClCompile>
    <ClCompile Include="src\radar\RadarScreen.AircraftAndAsr.cpp"><Filter>Source</Filter></ClCompile>
    <ClCompile Include="src\radar\RadarScreen.FlightDataAndCommands.cpp"><Filter>Source</Filter></ClCompile>
    <ClCompile Include="src\radar\RadarScreen.Interaction.cpp"><Filter>Source</Filter></ClCompile>
    <ClCompile Include="src\radar\RadarScreen.MenuActions.cpp"><Filter>Source</Filter></ClCompile>
    <ClCompile Include="src\radar\RadarScreen.PresentationSettings.cpp"><Filter>Source</Filter></ClCompile>
    <ClCompile Include="src\radar\RadarScreen.RuntimeMenu.cpp"><Filter>Source</Filter></ClCompile>
    <ClCompile Include="src\radar\RadarScreen.TargetFiltering.cpp"><Filter>Source</Filter></ClCompile>
    <ClCompile Include="src\rdf\RdfOverlay.cpp"><Filter>Source</Filter></ClCompile>
    <ClCompile Include="src\safety\Rimcas.cpp"><Filter>Source</Filter></ClCompile>
    <ClCompile Include="src\scene\RadarScene.cpp"><Filter>Source</Filter></ClCompile>
    <ClCompile Include="src\tags\RadarScreen.TagDefinitions.cpp"><Filter>Source</Filter></ClCompile>
    <ClCompile Include="src\tags\RadarScreen.TagRendering.cpp"><Filter>Source</Filter></ClCompile>
    <ClCompile Include="src\weather\WeatherStore.cpp"><Filter>Source</Filter></ClCompile>
  </ItemGroup>
  <ItemGroup>
    <ClInclude Include="src\aircraft\CallsignLookup.hpp"><Filter>Headers</Filter></ClInclude>
    <ClInclude Include="src\aircraft\GroundState.hpp"><Filter>Headers</Filter></ClInclude>
    <ClInclude Include="src\aircraft\HoldingPoint.hpp"><Filter>Headers</Filter></ClInclude>
    <ClInclude Include="src\app\PluginEntry.hpp"><Filter>Headers</Filter></ClInclude>
    <ClInclude Include="src\bootstrap\RuntimeApi.hpp"><Filter>Bootstrap</Filter></ClInclude>
    <ClInclude Include="src\bootstrap\RuntimeContext.hpp"><Filter>Bootstrap</Filter></ClInclude>
    <ClInclude Include="src\aviso\AvisoDocumentModel.hpp"><Filter>Headers</Filter></ClInclude>
    <ClInclude Include="src\config\RuntimeConfig.hpp"><Filter>Headers</Filter></ClInclude>
    <ClInclude Include="src\control_center\ControlCenterBridge.hpp"><Filter>Headers</Filter></ClInclude>
    <ClInclude Include="src\control_center\ControlCenterDialog.hpp"><Filter>Headers</Filter></ClInclude>
    <ClInclude Include="src\control_center\RuntimeResourceFiles.hpp"><Filter>Headers</Filter></ClInclude>
    <ClInclude Include="src\crash\CrashReporter.hpp"><Filter>Headers</Filter></ClInclude>
    <ClInclude Include="src\crash\CrashReportProtocol.hpp"><Filter>Headers</Filter></ClInclude>
    <ClInclude Include="src\crash\CrashReportSupport.hpp"><Filter>Headers</Filter></ClInclude>
    <ClInclude Include="src\crash\CrashRuntime.hpp"><Filter>Headers</Filter></ClInclude>
    <ClInclude Include="src\datalink\CPDLCSettingsDialog.hpp"><Filter>Headers</Filter></ClInclude>
    <ClInclude Include="src\datalink\DataLinkDialog.hpp"><Filter>Headers</Filter></ClInclude>
    <ClInclude Include="src\diagnostics\PerformanceDiagnostics.hpp"><Filter>Headers</Filter></ClInclude>
    <ClInclude Include="src\insets\InsetWindow.hpp"><Filter>Headers</Filter></ClInclude>
    <ClInclude Include="src\platform\windows\GdiColorUtils.hpp"><Filter>Headers</Filter></ClInclude>
    <ClInclude Include="src\platform\windows\network\HttpHelper.hpp"><Filter>Headers</Filter></ClInclude>
    <ClInclude Include="src\platform\windows\PrecompiledHeader.hpp"><Filter>Headers</Filter></ClInclude>
    <ClInclude Include="src\platform\windows\ResourceIds.h"><Filter>Headers</Filter></ClInclude>
    <ClInclude Include="src\platform\windows\WindowsTargetVersion.hpp"><Filter>Headers</Filter></ClInclude>
    <ClInclude Include="src\plugin\Plugin.hpp"><Filter>Headers</Filter></ClInclude>
    <ClInclude Include="src\profiles\ProfileColorPaths.hpp"><Filter>Headers</Filter></ClInclude>
    <ClInclude Include="src\radar\RadarGeometry.hpp"><Filter>Headers</Filter></ClInclude>
    <ClInclude Include="src\radar\TargetTrailRenderer.hpp"><Filter>Headers</Filter></ClInclude>
    <ClInclude Include="src\radar\RadarScreen.hpp"><Filter>Headers</Filter></ClInclude>
    <ClInclude Include="src\radar\RadarUiSupport.hpp"><Filter>Headers</Filter></ClInclude>
    <ClInclude Include="src\rdf\RdfOverlay.hpp"><Filter>Headers</Filter></ClInclude>
    <ClInclude Include="src\safety\Rimcas.hpp"><Filter>Headers</Filter></ClInclude>
    <ClInclude Include="src\scene\RadarScene.hpp"><Filter>Headers</Filter></ClInclude>
    <ClInclude Include="src\shared\logging\Logger.hpp"><Filter>Headers</Filter></ClInclude>
    <ClInclude Include="src\shared\TextUtils.hpp"><Filter>Headers</Filter></ClInclude>
    <ClInclude Include="src\tags\TagColorRules.hpp"><Filter>Headers</Filter></ClInclude>
    <ClInclude Include="src\tags\TagDataTypes.hpp"><Filter>Headers</Filter></ClInclude>
    <ClInclude Include="src\tags\TagDefinitionUtils.hpp"><Filter>Headers</Filter></ClInclude>
    <ClInclude Include="src\tags\VacdmTagHelpers.hpp"><Filter>Headers</Filter></ClInclude>
    <ClInclude Include="src\weather\WeatherStore.hpp"><Filter>Headers</Filter></ClInclude>
    <ClInclude Include="..\lib\include\rapidjson\document.h">
      <Filter>Third Party Headers</Filter>
    </ClInclude>
    <ClInclude Include="..\lib\include\rapidjson\filestream.h">
      <Filter>Third Party Headers</Filter>
    </ClInclude>
    <ClInclude Include="..\lib\include\rapidjson\prettywriter.h">
      <Filter>Third Party Headers</Filter>
    </ClInclude>
    <ClInclude Include="..\lib\include\rapidjson\rapidjson.h">
      <Filter>Third Party Headers</Filter>
    </ClInclude>
    <ClInclude Include="..\lib\include\rapidjson\reader.h">
      <Filter>Third Party Headers</Filter>
    </ClInclude>
    <ClInclude Include="..\lib\include\rapidjson\stringbuffer.h">
      <Filter>Third Party Headers</Filter>
    </ClInclude>
    <ClInclude Include="..\lib\include\rapidjson\writer.h">
      <Filter>Third Party Headers</Filter>
    </ClInclude>
  </ItemGroup>
  <ItemGroup>
    <None Include="data\Audio\Alarm.wav">
      <Filter>Data\Audio</Filter>
    </None>
    <None Include="data\Audio\Ding.wav">
      <Filter>Data\Audio</Filter>
    </None>
    <None Include="data\ICAO_Aircraft.json">
      <Filter>Data</Filter>
    </None>
    <None Include="data\airports_hp.json">
      <Filter>Data</Filter>
    </None>
    <None Include="data\vSMR_Profiles.json">
      <Filter>Data</Filter>
    </None>
    <None Include="src\control_center\web\app.js">
      <Filter>Web UI</Filter>
    </None>
    <None Include="src\control_center\web\data.js">
      <Filter>Web UI</Filter>
    </None>
    <None Include="src\control_center\web\index.html">
      <Filter>Web UI</Filter>
    </None>
    <None Include="src\control_center\web\styles.css">
      <Filter>Web UI</Filter>
    </None>
    <None Include="resources\cursors\arrow.cur">
      <Filter>Resources\Cursors</Filter>
    </None>
    <None Include="resources\cursors\cursor1.cur">
      <Filter>Resources\Cursors</Filter>
    </None>
    <None Include="resources\cursors\move.cur">
      <Filter>Resources\Cursors</Filter>
    </None>
    <None Include="resources\vSMR.def">
      <Filter>Resources</Filter>
    </None>
    <None Include="resources\vSMR.rc2">
      <Filter>Resources</Filter>
    </None>
    <None Include="tools\build_project.ps1">
      <Filter>Tools</Filter>
    </None>
    <None Include="tools\create_release_package.ps1">
      <Filter>Tools</Filter>
    </None>
  </ItemGroup>
  <ItemGroup>
    <ResourceCompile Include="resources\vSMR.rc">
      <Filter>Resources</Filter>
    </ResourceCompile>
  </ItemGroup>
</Project>
